
Microsoft Visual Studio Solution File, Format Version 12.00
# Visual Studio Version 17
VisualStudioVersion = 17.7.34009.444
MinimumVisualStudioVersion = 10.0.40219.1
Project("{9A19103F-16F7-4668-BE54-9A1E7A4F7556}") = "M295_Project_V1.0", "M295_Project_V1.0\M295_Project_V1.0.csproj", "{F5463F8F-0491-4B8D-B323-11E5707202B7}"
EndProject
Global
	GlobalSection(SolutionConfigurationPlatforms) = preSolution
		Debug|Any CPU = Debug|Any CPU
		Release|Any CPU = Release|Any CPU
	EndGlobalSection
	GlobalSection(ProjectConfigurationPlatforms) = postSolution
		{F5463F8F-0491-4B8D-B323-11E5707202B7}.Debug|Any CPU.ActiveCfg = Debug|Any CPU
		{F5463F8F-0491-4B8D-B323-11E5707202B7}.Debug|Any CPU.Build.0 = Debug|Any CPU
		{F5463F8F-0491-4B8D-B323-11E5707202B7}.Release|Any CPU.ActiveCfg = Release|Any CPU
		{F5463F8F-0491-4B8D-B323-11E5707202B7}.Release|Any CPU.Build.0 = Release|Any CPU
	EndGlobalSection
	GlobalSection(SolutionProperties) = preSolution
		HideSolutionNode = FALSE
	EndGlobalSection
	GlobalSection(ExtensibilityGlobals) = postSolution
		SolutionGuid = {508CDA2B-4ADB-40F1-8CCE-525ED6AF1CFF}
	EndGlobalSection
EndGlobal
